
Microsoft Visual Studio Solution File, Format Version 12.00
# Visual Studio Version 17
VisualStudioVersion = 17.3.32819.101
MinimumVisualStudioVersion = 10.0.40219.1
Project("{FAE04EC0-301F-11D3-BF4B-00C04F79EFBC}") = "WLU_zadanie2", "WLU_zadanie2\WLU_zadanie2.csproj", "{EF8D4F20-9D2E-4A23-914E-155BF939C529}"
EndProject
Global
	GlobalSection(SolutionConfigurationPlatforms) = preSolution
		Debug|Any CPU = Debug|Any CPU
		Release|Any CPU = Release|Any CPU
	EndGlobalSection
	GlobalSection(ProjectConfigurationPlatforms) = postSolution
		{EF8D4F20-9D2E-4A23-914E-155BF939C529}.Debug|Any CPU.ActiveCfg = Debug|Any CPU
		{EF8D4F20-9D2E-4A23-914E-155BF939C529}.Debug|Any CPU.Build.0 = Debug|Any CPU
		{EF8D4F20-9D2E-4A23-914E-155BF939C529}.Release|Any CPU.ActiveCfg = Release|Any CPU
		{EF8D4F20-9D2E-4A23-914E-155BF939C529}.Release|Any CPU.Build.0 = Release|Any CPU
	EndGlobalSection
	GlobalSection(SolutionProperties) = preSolution
		HideSolutionNode = FALSE
	EndGlobalSection
	GlobalSection(ExtensibilityGlobals) = postSolution
		SolutionGuid = {91696C2B-0630-4B7C-8F97-5D54E4276123}
	EndGlobalSection
EndGlobal
